
Microsoft Visual Studio Solution File, Format Version 12.00
# Visual Studio Version 17
VisualStudioVersion = 17.14.36717.8 d17.14
MinimumVisualStudioVersion = 10.0.40219.1
Project("{FAE04EC0-301F-11D3-BF4B-00C04F79EFBC}") = "E3", "E3\E3.csproj", "{69CC605D-0D39-4EC8-9489-2E0B933A86AA}"
EndProject
Global
	GlobalSection(SolutionConfigurationPlatforms) = preSolution
		Debug|Any CPU = Debug|Any CPU
		Release|Any CPU = Release|Any CPU
	EndGlobalSection
	GlobalSection(ProjectConfigurationPlatforms) = postSolution
		{69CC605D-0D39-4EC8-9489-2E0B933A86AA}.Debug|Any CPU.ActiveCfg = Debug|Any CPU
		{69CC605D-0D39-4EC8-9489-2E0B933A86AA}.Debug|Any CPU.Build.0 = Debug|Any CPU
		{69CC605D-0D39-4EC8-9489-2E0B933A86AA}.Release|Any CPU.ActiveCfg = Release|Any CPU
		{69CC605D-0D39-4EC8-9489-2E0B933A86AA}.Release|Any CPU.Build.0 = Release|Any CPU
	EndGlobalSection
	GlobalSection(SolutionProperties) = preSolution
		HideSolutionNode = FALSE
	EndGlobalSection
	GlobalSection(ExtensibilityGlobals) = postSolution
		SolutionGuid = {97C57AC5-C265-4444-A18B-761138415CD9}
	EndGlobalSection
EndGlobal
