
Microsoft Visual Studio Solution File, Format Version 12.00
# Visual Studio Version 17
VisualStudioVersion = 17.14.36717.8 d17.14
MinimumVisualStudioVersion = 10.0.40219.1
Project("{FAE04EC0-301F-11D3-BF4B-00C04F79EFBC}") = "E2", "E2\E2.csproj", "{672D2576-E6D1-4F0C-980C-ED3DFA92AF82}"
EndProject
Global
	GlobalSection(SolutionConfigurationPlatforms) = preSolution
		Debug|Any CPU = Debug|Any CPU
		Release|Any CPU = Release|Any CPU
	EndGlobalSection
	GlobalSection(ProjectConfigurationPlatforms) = postSolution
		{672D2576-E6D1-4F0C-980C-ED3DFA92AF82}.Debug|Any CPU.ActiveCfg = Debug|Any CPU
		{672D2576-E6D1-4F0C-980C-ED3DFA92AF82}.Debug|Any CPU.Build.0 = Debug|Any CPU
		{672D2576-E6D1-4F0C-980C-ED3DFA92AF82}.Release|Any CPU.ActiveCfg = Release|Any CPU
		{672D2576-E6D1-4F0C-980C-ED3DFA92AF82}.Release|Any CPU.Build.0 = Release|Any CPU
	EndGlobalSection
	GlobalSection(SolutionProperties) = preSolution
		HideSolutionNode = FALSE
	EndGlobalSection
	GlobalSection(ExtensibilityGlobals) = postSolution
		SolutionGuid = {159B42C0-0D83-44F1-835E-B5F1D66714A9}
	EndGlobalSection
EndGlobal
